{
  "name": "json-translator",
  "version": "1.0.0",
  "lockfileVersion": 1,
  "requires": true,
  "dependencies": {
    "deepl-translator": {
      "version": "1.2.1",
      "resolved": "https://registry.npmjs.org/deepl-translator/-/deepl-translator-1.2.1.tgz",
      "integrity": "sha512-LwCksmzPwowOQu9yrdVl43rRrTKsXwlH/uVQxgL8KoCoCEoozA6wzN7oaAEoJSocccn5CoEc6MnXlQEya6rTzw=="
    }
  }
}
